{
  "nodes": {
    "network-compiler": {
      "inputs": {
        "network-labs": "network-labs",
        "nixpkgs": [
          "nixpkgs"
        ],
        "nixpkgs-network": "nixpkgs-network"
      },
      "locked": {
        "lastModified": 1774108646,
        "narHash": "sha256-kAYTFYtXsK6iuFh6Y4kqh/A8Ntusqozz+8jzanhXVq8=",
        "owner": "esp0xdeadbeef",
        "repo": "network-compiler",
        "rev": "b267994163df4f1640c40164d4cfd662f8cb1037",
        "type": "github"
      },
      "original": {
        "owner": "esp0xdeadbeef",
        "repo": "network-compiler",
        "type": "github"
      }
    },
    "network-compiler_2": {
      "inputs": {
        "network-labs": "network-labs_2",
        "nixpkgs": [
          "network-control-plane-model",
          "network-forwarding-model",
          "nixpkgs"
        ],
        "nixpkgs-network": "nixpkgs-network_2"
      },
      "locked": {
        "lastModified": 1773612183,
        "narHash": "sha256-vMCXkKr9qpgFMRU0Tlf9GZxfoM3e6G3KiahThwmey3o=",
        "owner": "esp0xdeadbeef",
        "repo": "network-compiler",
        "rev": "4dc8b32f0fc60c981570de405aab00049a7f8f7e",
        "type": "github"
      },
      "original": {
        "owner": "esp0xdeadbeef",
        "repo": "network-compiler",
        "type": "github"
      }
    },
    "network-control-plane-model": {
      "inputs": {
        "network-forwarding-model": "network-forwarding-model",
        "nixpkgs": [
          "nixpkgs"
        ]
      },
      "locked": {
        "lastModified": 1774140226,
        "narHash": "sha256-E8Y8xOoN3KOGVbdZvBylgm3dNJYVVdOBpdvKm0BuQaU=",
        "owner": "esp0xdeadbeef",
        "repo": "network-control-plane-model",
        "rev": "bdb1ff9ea01430e192521be2dd2fd991afa3f639",
        "type": "github"
      },
      "original": {
        "owner": "esp0xdeadbeef",
        "repo": "network-control-plane-model",
        "type": "github"
      }
    },
    "network-forwarding-model": {
      "inputs": {
        "network-compiler": "network-compiler_2",
        "nixpkgs": [
          "network-control-plane-model",
          "nixpkgs"
        ],
        "nixpkgs-network": "nixpkgs-network_3"
      },
      "locked": {
        "lastModified": 1773613961,
        "narHash": "sha256-/8cCFJyAvHmdm1N+LICiKuTTGFgaHOvzyv7lp1M9mMw=",
        "owner": "esp0xdeadbeef",
        "repo": "network-forwarding-model",
        "rev": "e8ff1479cf40f67d71a1397ca465d313f0f8850f",
        "type": "github"
      },
      "original": {
        "owner": "esp0xdeadbeef",
        "repo": "network-forwarding-model",
        "type": "github"
      }
    },
    "network-labs": {
      "flake": false,
      "locked": {
        "lastModified": 1773610290,
        "narHash": "sha256-o4szR7KgbWMHKUMNzBSudD3aosib22vM4Dg2xHEs9KY=",
        "ref": "refs/heads/main",
        "rev": "38fea2b48dc4b2f7ed468e6d662931e01deb123a",
        "revCount": 5,
        "type": "git",
        "url": "ssh://git@github.com/esp0xdeadbeef/network-labs.git"
      },
      "original": {
        "type": "git",
        "url": "ssh://git@github.com/esp0xdeadbeef/network-labs.git"
      }
    },
    "network-labs_2": {
      "flake": false,
      "locked": {
        "lastModified": 1773610290,
        "narHash": "sha256-o4szR7KgbWMHKUMNzBSudD3aosib22vM4Dg2xHEs9KY=",
        "ref": "refs/heads/main",
        "rev": "38fea2b48dc4b2f7ed468e6d662931e01deb123a",
        "revCount": 5,
        "type": "git",
        "url": "ssh://git@github.com/esp0xdeadbeef/network-labs.git"
      },
      "original": {
        "type": "git",
        "url": "ssh://git@github.com/esp0xdeadbeef/network-labs.git"
      }
    },
    "nixpkgs": {
      "locked": {
        "lastModified": 1771369470,
        "narHash": "sha256-0NBlEBKkN3lufyvFegY4TYv5mCNHbi5OmBDrzihbBMQ=",
        "owner": "NixOS",
        "repo": "nixpkgs",
        "rev": "0182a361324364ae3f436a63005877674cf45efb",
        "type": "github"
      },
      "original": {
        "owner": "NixOS",
        "repo": "nixpkgs",
        "rev": "0182a361324364ae3f436a63005877674cf45efb",
        "type": "github"
      }
    },
    "nixpkgs-network": {
      "locked": {
        "lastModified": 1722112448,
        "narHash": "sha256-Ugp/K1wA7N0u0xE27YP/fvFaZqK9dYKSjJ/OoTdQ7rc=",
        "owner": "NixOS",
        "repo": "nixpkgs",
        "rev": "ac56c456ebe4901c561d3ebf1c98fbd970aea753",
        "type": "github"
      },
      "original": {
        "owner": "NixOS",
        "repo": "nixpkgs",
        "rev": "ac56c456ebe4901c561d3ebf1c98fbd970aea753",
        "type": "github"
      }
    },
    "nixpkgs-network_2": {
      "locked": {
        "lastModified": 1722112448,
        "narHash": "sha256-Ugp/K1wA7N0u0xE27YP/fvFaZqK9dYKSjJ/OoTdQ7rc=",
        "owner": "NixOS",
        "repo": "nixpkgs",
        "rev": "ac56c456ebe4901c561d3ebf1c98fbd970aea753",
        "type": "github"
      },
      "original": {
        "owner": "NixOS",
        "repo": "nixpkgs",
        "rev": "ac56c456ebe4901c561d3ebf1c98fbd970aea753",
        "type": "github"
      }
    },
    "nixpkgs-network_3": {
      "locked": {
        "lastModified": 1722112448,
        "narHash": "sha256-Ugp/K1wA7N0u0xE27YP/fvFaZqK9dYKSjJ/OoTdQ7rc=",
        "owner": "NixOS",
        "repo": "nixpkgs",
        "rev": "ac56c456ebe4901c561d3ebf1c98fbd970aea753",
        "type": "github"
      },
      "original": {
        "owner": "NixOS",
        "repo": "nixpkgs",
        "rev": "ac56c456ebe4901c561d3ebf1c98fbd970aea753",
        "type": "github"
      }
    },
    "root": {
      "inputs": {
        "network-compiler": "network-compiler",
        "network-control-plane-model": "network-control-plane-model",
        "nixpkgs": "nixpkgs"
      }
    }
  },
  "root": "root",
  "version": 7
}
